
Microsoft Visual Studio Solution File, Format Version 12.00
# Visual Studio Express 2013 for Windows Desktop
VisualStudioVersion = 12.0.21005.1
MinimumVisualStudioVersion = 10.0.40219.1
Project("{FAE04EC0-301F-11D3-BF4B-00C04F79EFBC}") = "4HelloWorld", "HelloWorld\4HelloWorld.csproj", "{845EB7F7-691F-432E-9312-6E3C7DF0FFF7}"
EndProject
Project("{FAE04EC0-301F-11D3-BF4B-00C04F79EFBC}") = "5PrintYourName", "PrintYourName\5PrintYourName.csproj", "{136D676B-3002-4C65-B739-72CE492F5836}"
EndProject
Project("{FAE04EC0-301F-11D3-BF4B-00C04F79EFBC}") = "6Print Numbers", "Print Numbers\6Print Numbers.csproj", "{B4E3CC6F-96A7-44F9-AED9-61FB4ABA3926}"
EndProject
Project("{FAE04EC0-301F-11D3-BF4B-00C04F79EFBC}") = "7PrintFirstAndLastName", "PrintFirstAndLastName\7PrintFirstAndLastName.csproj", "{0F238914-02D2-419E-BB59-D53CF600AA99}"
EndProject
Project("{FAE04EC0-301F-11D3-BF4B-00C04F79EFBC}") = "8SquareRoot", "SquareRoot\8SquareRoot.csproj", "{BB238178-926D-48DD-8455-47F15C7720CE}"
EndProject
Project("{FAE04EC0-301F-11D3-BF4B-00C04F79EFBC}") = "9PrintaSequence", "9PrintaSequence\9PrintaSequence.csproj", "{059EFBC8-EBDA-4D25-99D4-CA5A31A5CAD4}"
EndProject
Project("{FAE04EC0-301F-11D3-BF4B-00C04F79EFBC}") = "a10ReformatCode", "10ReformatCode\a10ReformatCode.csproj", "{1A066CD7-317D-4D6B-9CA6-3418FF7C4ACC}"
EndProject
Project("{FAE04EC0-301F-11D3-BF4B-00C04F79EFBC}") = "a11-13TEXT", "programming-languages\a11-13TEXT.csproj", "{2FC4BCE2-213D-478F-8853-2BFB0093D64E}"
EndProject
Project("{FAE04EC0-301F-11D3-BF4B-00C04F79EFBC}") = "a14CurrentDatAndTime", "a14CurrentDatAndTime\a14CurrentDatAndTime.csproj", "{8AB34444-9794-4FAB-9B18-33133B98D6D1}"
EndProject
Project("{FAE04EC0-301F-11D3-BF4B-00C04F79EFBC}") = "a15AgeAfter10Years", "a15AgeAfter10Years\a15AgeAfter10Years.csproj", "{34E30334-36E7-4E4E-A0D5-8886E002B5FB}"
EndProject
Project("{FAE04EC0-301F-11D3-BF4B-00C04F79EFBC}") = "a16PrintLongSequence", "a16PrintLongSequence\a16PrintLongSequence.csproj", "{3597695C-8D7B-47ED-AC5B-3D0D97ED0931}"
EndProject
Global
	GlobalSection(SolutionConfigurationPlatforms) = preSolution
		Debug|Any CPU = Debug|Any CPU
		Release|Any CPU = Release|Any CPU
	EndGlobalSection
	GlobalSection(ProjectConfigurationPlatforms) = postSolution
		{845EB7F7-691F-432E-9312-6E3C7DF0FFF7}.Debug|Any CPU.ActiveCfg = Debug|Any CPU
		{845EB7F7-691F-432E-9312-6E3C7DF0FFF7}.Debug|Any CPU.Build.0 = Debug|Any CPU
		{845EB7F7-691F-432E-9312-6E3C7DF0FFF7}.Release|Any CPU.ActiveCfg = Release|Any CPU
		{845EB7F7-691F-432E-9312-6E3C7DF0FFF7}.Release|Any CPU.Build.0 = Release|Any CPU
		{136D676B-3002-4C65-B739-72CE492F5836}.Debug|Any CPU.ActiveCfg = Debug|Any CPU
		{136D676B-3002-4C65-B739-72CE492F5836}.Debug|Any CPU.Build.0 = Debug|Any CPU
		{136D676B-3002-4C65-B739-72CE492F5836}.Release|Any CPU.ActiveCfg = Release|Any CPU
		{136D676B-3002-4C65-B739-72CE492F5836}.Release|Any CPU.Build.0 = Release|Any CPU
		{B4E3CC6F-96A7-44F9-AED9-61FB4ABA3926}.Debug|Any CPU.ActiveCfg = Debug|Any CPU
		{B4E3CC6F-96A7-44F9-AED9-61FB4ABA3926}.Debug|Any CPU.Build.0 = Debug|Any CPU
		{B4E3CC6F-96A7-44F9-AED9-61FB4ABA3926}.Release|Any CPU.ActiveCfg = Release|Any CPU
		{B4E3CC6F-96A7-44F9-AED9-61FB4ABA3926}.Release|Any CPU.Build.0 = Release|Any CPU
		{0F238914-02D2-419E-BB59-D53CF600AA99}.Debug|Any CPU.ActiveCfg = Debug|Any CPU
		{0F238914-02D2-419E-BB59-D53CF600AA99}.Debug|Any CPU.Build.0 = Debug|Any CPU
		{0F238914-02D2-419E-BB59-D53CF600AA99}.Release|Any CPU.ActiveCfg = Release|Any CPU
		{0F238914-02D2-419E-BB59-D53CF600AA99}.Release|Any CPU.Build.0 = Release|Any CPU
		{BB238178-926D-48DD-8455-47F15C7720CE}.Debug|Any CPU.ActiveCfg = Debug|Any CPU
		{BB238178-926D-48DD-8455-47F15C7720CE}.Debug|Any CPU.Build.0 = Debug|Any CPU
		{BB238178-926D-48DD-8455-47F15C7720CE}.Release|Any CPU.ActiveCfg = Release|Any CPU
		{BB238178-926D-48DD-8455-47F15C7720CE}.Release|Any CPU.Build.0 = Release|Any CPU
		{059EFBC8-EBDA-4D25-99D4-CA5A31A5CAD4}.Debug|Any CPU.ActiveCfg = Debug|Any CPU
		{059EFBC8-EBDA-4D25-99D4-CA5A31A5CAD4}.Debug|Any CPU.Build.0 = Debug|Any CPU
		{059EFBC8-EBDA-4D25-99D4-CA5A31A5CAD4}.Release|Any CPU.ActiveCfg = Release|Any CPU
		{059EFBC8-EBDA-4D25-99D4-CA5A31A5CAD4}.Release|Any CPU.Build.0 = Release|Any CPU
		{1A066CD7-317D-4D6B-9CA6-3418FF7C4ACC}.Debug|Any CPU.ActiveCfg = Debug|Any CPU
		{1A066CD7-317D-4D6B-9CA6-3418FF7C4ACC}.Debug|Any CPU.Build.0 = Debug|Any CPU
		{1A066CD7-317D-4D6B-9CA6-3418FF7C4ACC}.Release|Any CPU.ActiveCfg = Release|Any CPU
		{1A066CD7-317D-4D6B-9CA6-3418FF7C4ACC}.Release|Any CPU.Build.0 = Release|Any CPU
		{2FC4BCE2-213D-478F-8853-2BFB0093D64E}.Debug|Any CPU.ActiveCfg = Debug|Any CPU
		{2FC4BCE2-213D-478F-8853-2BFB0093D64E}.Debug|Any CPU.Build.0 = Debug|Any CPU
		{2FC4BCE2-213D-478F-8853-2BFB0093D64E}.Release|Any CPU.ActiveCfg = Release|Any CPU
		{2FC4BCE2-213D-478F-8853-2BFB0093D64E}.Release|Any CPU.Build.0 = Release|Any CPU
		{8AB34444-9794-4FAB-9B18-33133B98D6D1}.Debug|Any CPU.ActiveCfg = Debug|Any CPU
		{8AB34444-9794-4FAB-9B18-33133B98D6D1}.Debug|Any CPU.Build.0 = Debug|Any CPU
		{8AB34444-9794-4FAB-9B18-33133B98D6D1}.Release|Any CPU.ActiveCfg = Release|Any CPU
		{8AB34444-9794-4FAB-9B18-33133B98D6D1}.Release|Any CPU.Build.0 = Release|Any CPU
		{34E30334-36E7-4E4E-A0D5-8886E002B5FB}.Debug|Any CPU.ActiveCfg = Debug|Any CPU
		{34E30334-36E7-4E4E-A0D5-8886E002B5FB}.Debug|Any CPU.Build.0 = Debug|Any CPU
		{34E30334-36E7-4E4E-A0D5-8886E002B5FB}.Release|Any CPU.ActiveCfg = Release|Any CPU
		{34E30334-36E7-4E4E-A0D5-8886E002B5FB}.Release|Any CPU.Build.0 = Release|Any CPU
		{3597695C-8D7B-47ED-AC5B-3D0D97ED0931}.Debug|Any CPU.ActiveCfg = Debug|Any CPU
		{3597695C-8D7B-47ED-AC5B-3D0D97ED0931}.Debug|Any CPU.Build.0 = Debug|Any CPU
		{3597695C-8D7B-47ED-AC5B-3D0D97ED0931}.Release|Any CPU.ActiveCfg = Release|Any CPU
		{3597695C-8D7B-47ED-AC5B-3D0D97ED0931}.Release|Any CPU.Build.0 = Release|Any CPU
	EndGlobalSection
	GlobalSection(SolutionProperties) = preSolution
		HideSolutionNode = FALSE
	EndGlobalSection
EndGlobal
